
Microsoft Visual Studio Solution File, Format Version 12.00
# Visual Studio 2013
VisualStudioVersion = 12.0.21005.1
MinimumVisualStudioVersion = 10.0.40219.1
Project("{8BC9CEB8-8B4A-11D0-8D11-00A0C91BC942}") = "OfflineFution", "OfflineFution\OfflineFution.vcxproj", "{2EE1F65D-46E6-4DA4-8560-77EB2918DE4B}"
EndProject
Project("{8BC9CEB8-8B4A-11D0-8D11-00A0C91BC942}") = "NuiSensorChooser", "NuiSensorChooser\NuiSensorChooser.vcxproj", "{67A64301-C979-4FDE-BF65-4B0BFD05700D}"
EndProject
Project("{8BC9CEB8-8B4A-11D0-8D11-00A0C91BC942}") = "Depth2PointCloud", "Depth2PointCloud\Depth2PointCloud.vcxproj", "{8CEB196C-AF19-4C1C-BD5E-289F8E1530D6}"
	ProjectSection(ProjectDependencies) = postProject
		{67A64301-C979-4FDE-BF65-4B0BFD05700D} = {67A64301-C979-4FDE-BF65-4B0BFD05700D}
		{C320F6F9-A39F-4CFB-83F7-CC16661C2111} = {C320F6F9-A39F-4CFB-83F7-CC16661C2111}
	EndProjectSection
EndProject
Project("{8BC9CEB8-8B4A-11D0-8D11-00A0C91BC942}") = "PCLRegistration", "PCLRegistration\PCLRegistration.vcxproj", "{C320F6F9-A39F-4CFB-83F7-CC16661C2111}"
EndProject
Project("{8BC9CEB8-8B4A-11D0-8D11-00A0C91BC942}") = "PCLTransformViewer", "PCLTransformViewer\PCLTransformViewer.vcxproj", "{EFA3F0FD-2B79-48D2-90A8-7CA7B389BE71}"
EndProject
Project("{8BC9CEB8-8B4A-11D0-8D11-00A0C91BC942}") = "PCLKinFu", "PCLKinFu\PCLKinFu.vcxproj", "{1FC85111-21F3-4DBD-AEFA-DFF497EAE525}"
EndProject
Global
	GlobalSection(SolutionConfigurationPlatforms) = preSolution
		Debug|Win32 = Debug|Win32
		Debug|x64 = Debug|x64
		Release|Win32 = Release|Win32
		Release|x64 = Release|x64
	EndGlobalSection
	GlobalSection(ProjectConfigurationPlatforms) = postSolution
		{2EE1F65D-46E6-4DA4-8560-77EB2918DE4B}.Debug|Win32.ActiveCfg = Debug|Win32
		{2EE1F65D-46E6-4DA4-8560-77EB2918DE4B}.Debug|Win32.Build.0 = Debug|Win32
		{2EE1F65D-46E6-4DA4-8560-77EB2918DE4B}.Debug|x64.ActiveCfg = Debug|Win32
		{2EE1F65D-46E6-4DA4-8560-77EB2918DE4B}.Release|Win32.ActiveCfg = Release|Win32
		{2EE1F65D-46E6-4DA4-8560-77EB2918DE4B}.Release|Win32.Build.0 = Release|Win32
		{2EE1F65D-46E6-4DA4-8560-77EB2918DE4B}.Release|x64.ActiveCfg = Release|Win32
		{67A64301-C979-4FDE-BF65-4B0BFD05700D}.Debug|Win32.ActiveCfg = Debug|Win32
		{67A64301-C979-4FDE-BF65-4B0BFD05700D}.Debug|Win32.Build.0 = Debug|Win32
		{67A64301-C979-4FDE-BF65-4B0BFD05700D}.Debug|x64.ActiveCfg = Debug|x64
		{67A64301-C979-4FDE-BF65-4B0BFD05700D}.Debug|x64.Build.0 = Debug|x64
		{67A64301-C979-4FDE-BF65-4B0BFD05700D}.Release|Win32.ActiveCfg = Release|Win32
		{67A64301-C979-4FDE-BF65-4B0BFD05700D}.Release|Win32.Build.0 = Release|Win32
		{67A64301-C979-4FDE-BF65-4B0BFD05700D}.Release|x64.ActiveCfg = Release|x64
		{67A64301-C979-4FDE-BF65-4B0BFD05700D}.Release|x64.Build.0 = Release|x64
		{8CEB196C-AF19-4C1C-BD5E-289F8E1530D6}.Debug|Win32.ActiveCfg = Debug|Win32
		{8CEB196C-AF19-4C1C-BD5E-289F8E1530D6}.Debug|Win32.Build.0 = Debug|Win32
		{8CEB196C-AF19-4C1C-BD5E-289F8E1530D6}.Debug|x64.ActiveCfg = Debug|Win32
		{8CEB196C-AF19-4C1C-BD5E-289F8E1530D6}.Release|Win32.ActiveCfg = Release|Win32
		{8CEB196C-AF19-4C1C-BD5E-289F8E1530D6}.Release|Win32.Build.0 = Release|Win32
		{8CEB196C-AF19-4C1C-BD5E-289F8E1530D6}.Release|x64.ActiveCfg = Release|Win32
		{C320F6F9-A39F-4CFB-83F7-CC16661C2111}.Debug|Win32.ActiveCfg = Debug|Win32
		{C320F6F9-A39F-4CFB-83F7-CC16661C2111}.Debug|Win32.Build.0 = Debug|Win32
		{C320F6F9-A39F-4CFB-83F7-CC16661C2111}.Debug|x64.ActiveCfg = Debug|Win32
		{C320F6F9-A39F-4CFB-83F7-CC16661C2111}.Release|Win32.ActiveCfg = Release|Win32
		{C320F6F9-A39F-4CFB-83F7-CC16661C2111}.Release|Win32.Build.0 = Release|Win32
		{C320F6F9-A39F-4CFB-83F7-CC16661C2111}.Release|x64.ActiveCfg = Release|Win32
		{EFA3F0FD-2B79-48D2-90A8-7CA7B389BE71}.Debug|Win32.ActiveCfg = Debug|Win32
		{EFA3F0FD-2B79-48D2-90A8-7CA7B389BE71}.Debug|Win32.Build.0 = Debug|Win32
		{EFA3F0FD-2B79-48D2-90A8-7CA7B389BE71}.Debug|x64.ActiveCfg = Debug|Win32
		{EFA3F0FD-2B79-48D2-90A8-7CA7B389BE71}.Release|Win32.ActiveCfg = Release|Win32
		{EFA3F0FD-2B79-48D2-90A8-7CA7B389BE71}.Release|Win32.Build.0 = Release|Win32
		{EFA3F0FD-2B79-48D2-90A8-7CA7B389BE71}.Release|x64.ActiveCfg = Release|Win32
		{1FC85111-21F3-4DBD-AEFA-DFF497EAE525}.Debug|Win32.ActiveCfg = Debug|Win32
		{1FC85111-21F3-4DBD-AEFA-DFF497EAE525}.Debug|Win32.Build.0 = Debug|Win32
		{1FC85111-21F3-4DBD-AEFA-DFF497EAE525}.Debug|x64.ActiveCfg = Debug|Win32
		{1FC85111-21F3-4DBD-AEFA-DFF497EAE525}.Release|Win32.ActiveCfg = Release|Win32
		{1FC85111-21F3-4DBD-AEFA-DFF497EAE525}.Release|Win32.Build.0 = Release|Win32
		{1FC85111-21F3-4DBD-AEFA-DFF497EAE525}.Release|x64.ActiveCfg = Release|Win32
	EndGlobalSection
	GlobalSection(SolutionProperties) = preSolution
		HideSolutionNode = FALSE
	EndGlobalSection
EndGlobal
